{
  "version": 4,
  "terraform_version": "1.4.6",
  "serial": 12,
  "lineage": "a8435b18-5b0a-b0e6-f556-46d3724b541a",
  "outputs": {
    "pem_key_content": {
      "value": "ssh-rsa AAAAB3NzaC1yc2EAAAADAQABAAABgQDDKxA7Bx9hvjMBbsTowX0Wk1uvktC4CTDygD5BHeYoUgxHkKYdVs2q2+CbHgFvn5njg7qpl3gnHVV8O+58mXCybXfLPuNSFPY6LH4XseLR+MXLNbudLOm91a+4J8Md8TFeCkcUCPe9f4h/46T1r35Kp8NifFuQUttWKIVi37DW/Csgu2UAvOehPGvlH+PqlDGm/uNBpms3tqxD66Ufax2H0nv7MVX1uO/M+w0SM8QK0jI0Qt7TUMvK04YMDucrsTiGLMIhlzCLUj58rndnjX7lGYb9JdEhnYuW0qi+u0yoMs0kWHIzQP+AsDJWIjpSv1uFn1zqnZPXzk6AgfFV8HRai9tvZvk4DWiS3eB9kA/BhjCMQINiIwkb3n/BD3dZLLXh15ryAMvv28mJ5MQgmEmrvggE00zqWCjjwvDCc6DGT02oz1O8Tcaa1qjMR8wWguMMLsMt4L8+hBG383HH7SxwYFNn6pIl/VmdNcP6uzLxsMAIKzKd1o16vrPWr7CwTV8= hp@DESKTOP-SK52RTJ",
      "type": "string"
    }
  },
  "resources": [
    {
      "mode": "managed",
      "type": "aws_instance",
      "name": "jenkins_server",
      "provider": "provider[\"registry.terraform.io/hashicorp/aws\"]",
      "instances": [
        {
          "schema_version": 1,
          "attributes": {
            "ami": "ami-06aa3f7caf3a30282",
            "arn": "arn:aws:ec2:us-east-1:779541764415:instance/i-0d63fe00ffac71b96",
            "associate_public_ip_address": true,
            "availability_zone": "us-east-1d",
            "capacity_reservation_specification": [
              {
                "capacity_reservation_preference": "open",
                "capacity_reservation_target": []
              }
            ],
            "cpu_core_count": 1,
            "cpu_options": [
              {
                "amd_sev_snp": "",
                "core_count": 1,
                "threads_per_core": 1
              }
            ],
            "cpu_threads_per_core": 1,
            "credit_specification": [
              {
                "cpu_credits": "standard"
              }
            ],
            "disable_api_stop": false,
            "disable_api_termination": false,
            "ebs_block_device": [],
            "ebs_optimized": false,
            "enclave_options": [
              {
                "enabled": false
              }
            ],
            "ephemeral_block_device": [],
            "get_password_data": false,
            "hibernation": false,
            "host_id": "",
            "host_resource_group_arn": null,
            "iam_instance_profile": "",
            "id": "i-0d63fe00ffac71b96",
            "instance_initiated_shutdown_behavior": "stop",
            "instance_lifecycle": "",
            "instance_market_options": [],
            "instance_state": "running",
            "instance_type": "t2.micro",
            "ipv6_address_count": 0,
            "ipv6_addresses": [],
            "key_name": "ec2_u20_pemkey",
            "launch_template": [],
            "maintenance_options": [
              {
                "auto_recovery": "default"
              }
            ],
            "metadata_options": [
              {
                "http_endpoint": "enabled",
                "http_protocol_ipv6": "disabled",
                "http_put_response_hop_limit": 1,
                "http_tokens": "optional",
                "instance_metadata_tags": "disabled"
              }
            ],
            "monitoring": false,
            "network_interface": [],
            "outpost_arn": "",
            "password_data": "",
            "placement_group": "",
            "placement_partition_number": 0,
            "primary_network_interface_id": "eni-0af7c987aa5f580c5",
            "private_dns": "ip-172-31-31-174.ec2.internal",
            "private_dns_name_options": [
              {
                "enable_resource_name_dns_a_record": false,
                "enable_resource_name_dns_aaaa_record": false,
                "hostname_type": "ip-name"
              }
            ],
            "private_ip": "172.31.31.174",
            "public_dns": "ec2-54-159-133-190.compute-1.amazonaws.com",
            "public_ip": "54.159.133.190",
            "root_block_device": [
              {
                "delete_on_termination": true,
                "device_name": "/dev/sda1",
                "encrypted": false,
                "iops": 100,
                "kms_key_id": "",
                "tags": {},
                "throughput": 0,
                "volume_id": "vol-0dea1a631eb676115",
                "volume_size": 8,
                "volume_type": "gp2"
              }
            ],
            "secondary_private_ips": [],
            "security_groups": [
              "jenkins_sg"
            ],
            "source_dest_check": true,
            "spot_instance_request_id": "",
            "subnet_id": "subnet-045a9e6efc83a402d",
            "tags": {
              "Name": "jenkins-server"
            },
            "tags_all": {
              "Name": "jenkins-server"
            },
            "tenancy": "default",
            "timeouts": null,
            "user_data": null,
            "user_data_base64": null,
            "user_data_replace_on_change": false,
            "volume_tags": null,
            "vpc_security_group_ids": [
              "sg-081e4ebaffe40e3cc"
            ]
          },
          "sensitive_attributes": [],
          "private": "eyJlMmJmYjczMC1lY2FhLTExZTYtOGY4OC0zNDM2M2JjN2M0YzAiOnsiY3JlYXRlIjo2MDAwMDAwMDAwMDAsImRlbGV0ZSI6MTIwMDAwMDAwMDAwMCwidXBkYXRlIjo2MDAwMDAwMDAwMDB9LCJzY2hlbWFfdmVyc2lvbiI6IjEifQ==",
          "dependencies": [
            "aws_key_pair.u20_key_pair",
            "aws_security_group.jenkins_sg"
          ]
        }
      ]
    },
    {
      "mode": "managed",
      "type": "aws_key_pair",
      "name": "u20_key_pair",
      "provider": "provider[\"registry.terraform.io/hashicorp/aws\"]",
      "instances": [
        {
          "schema_version": 1,
          "attributes": {
            "arn": "arn:aws:ec2:us-east-1:779541764415:key-pair/ec2_u20_pemkey",
            "fingerprint": "1a:cf:51:dd:31:2f:0a:1d:22:01:ef:13:b6:81:74:24",
            "id": "ec2_u20_pemkey",
            "key_name": "ec2_u20_pemkey",
            "key_name_prefix": "",
            "key_pair_id": "key-0a47702abcb2a27a6",
            "key_type": "rsa",
            "public_key": "ssh-rsa AAAAB3NzaC1yc2EAAAADAQABAAABgQDDKxA7Bx9hvjMBbsTowX0Wk1uvktC4CTDygD5BHeYoUgxHkKYdVs2q2+CbHgFvn5njg7qpl3gnHVV8O+58mXCybXfLPuNSFPY6LH4XseLR+MXLNbudLOm91a+4J8Md8TFeCkcUCPe9f4h/46T1r35Kp8NifFuQUttWKIVi37DW/Csgu2UAvOehPGvlH+PqlDGm/uNBpms3tqxD66Ufax2H0nv7MVX1uO/M+w0SM8QK0jI0Qt7TUMvK04YMDucrsTiGLMIhlzCLUj58rndnjX7lGYb9JdEhnYuW0qi+u0yoMs0kWHIzQP+AsDJWIjpSv1uFn1zqnZPXzk6AgfFV8HRai9tvZvk4DWiS3eB9kA/BhjCMQINiIwkb3n/BD3dZLLXh15ryAMvv28mJ5MQgmEmrvggE00zqWCjjwvDCc6DGT02oz1O8Tcaa1qjMR8wWguMMLsMt4L8+hBG383HH7SxwYFNn6pIl/VmdNcP6uzLxsMAIKzKd1o16vrPWr7CwTV8= hp@DESKTOP-SK52RTJ",
            "tags": null,
            "tags_all": {}
          },
          "sensitive_attributes": [],
          "private": "eyJzY2hlbWFfdmVyc2lvbiI6IjEifQ=="
        }
      ]
    },
    {
      "mode": "managed",
      "type": "aws_security_group",
      "name": "jenkins_sg",
      "provider": "provider[\"registry.terraform.io/hashicorp/aws\"]",
      "instances": [
        {
          "schema_version": 1,
          "attributes": {
            "arn": "arn:aws:ec2:us-east-1:779541764415:security-group/sg-081e4ebaffe40e3cc",
            "description": "Security group for Jenkins server",
            "egress": [
              {
                "cidr_blocks": [
                  "0.0.0.0/0"
                ],
                "description": "",
                "from_port": 0,
                "ipv6_cidr_blocks": [],
                "prefix_list_ids": [],
                "protocol": "-1",
                "security_groups": [],
                "self": false,
                "to_port": 0
              }
            ],
            "id": "sg-081e4ebaffe40e3cc",
            "ingress": [
              {
                "cidr_blocks": [
                  "0.0.0.0/0"
                ],
                "description": "",
                "from_port": 22,
                "ipv6_cidr_blocks": [],
                "prefix_list_ids": [],
                "protocol": "tcp",
                "security_groups": [],
                "self": false,
                "to_port": 22
              },
              {
                "cidr_blocks": [
                  "0.0.0.0/0"
                ],
                "description": "",
                "from_port": 443,
                "ipv6_cidr_blocks": [],
                "prefix_list_ids": [],
                "protocol": "tcp",
                "security_groups": [],
                "self": false,
                "to_port": 443
              },
              {
                "cidr_blocks": [
                  "0.0.0.0/0"
                ],
                "description": "",
                "from_port": 5000,
                "ipv6_cidr_blocks": [],
                "prefix_list_ids": [],
                "protocol": "tcp",
                "security_groups": [],
                "self": false,
                "to_port": 5000
              },
              {
                "cidr_blocks": [
                  "0.0.0.0/0"
                ],
                "description": "",
                "from_port": 8080,
                "ipv6_cidr_blocks": [],
                "prefix_list_ids": [],
                "protocol": "tcp",
                "security_groups": [],
                "self": false,
                "to_port": 8080
              },
              {
                "cidr_blocks": [
                  "0.0.0.0/0"
                ],
                "description": "",
                "from_port": 80,
                "ipv6_cidr_blocks": [],
                "prefix_list_ids": [],
                "protocol": "tcp",
                "security_groups": [],
                "self": false,
                "to_port": 80
              }
            ],
            "name": "jenkins_sg",
            "name_prefix": "",
            "owner_id": "779541764415",
            "revoke_rules_on_delete": false,
            "tags": null,
            "tags_all": {},
            "timeouts": null,
            "vpc_id": "vpc-030bfc38383fa4248"
          },
          "sensitive_attributes": [],
          "private": "eyJlMmJmYjczMC1lY2FhLTExZTYtOGY4OC0zNDM2M2JjN2M0YzAiOnsiY3JlYXRlIjo2MDAwMDAwMDAwMDAsImRlbGV0ZSI6OTAwMDAwMDAwMDAwfSwic2NoZW1hX3ZlcnNpb24iOiIxIn0="
        }
      ]
    },
    {
      "mode": "managed",
      "type": "null_resource",
      "name": "output_ec2_details",
      "provider": "provider[\"registry.terraform.io/hashicorp/null\"]",
      "instances": [
        {
          "schema_version": 0,
          "attributes": {
            "id": "8069447210592029652",
            "triggers": null
          },
          "sensitive_attributes": [],
          "dependencies": [
            "aws_instance.jenkins_server",
            "aws_key_pair.u20_key_pair",
            "aws_security_group.jenkins_sg"
          ]
        }
      ]
    }
  ],
  "check_results": null
}
